
Microsoft Visual Studio Solution File, Format Version 12.00
# Visual Studio Version 17
VisualStudioVersion = 17.14.36915.13
MinimumVisualStudioVersion = 10.0.40219.1
Project("{2150E333-8FDC-42A3-9474-1A3956D46DE8}") = "src", "src", "{02EA681E-C7D8-13C7-8484-4AC65E1B71E8}"
EndProject
Project("{2150E333-8FDC-42A3-9474-1A3956D46DE8}") = "API", "API", "{A0B36013-D03E-4E97-A52F-8AFE7ECFA092}"
EndProject
Project("{2150E333-8FDC-42A3-9474-1A3956D46DE8}") = "Infrastructure", "Infrastructure", "{B949ECFF-5C5D-48E6-94BB-426921573DFE}"
EndProject
Project("{FAE04EC0-301F-11D3-BF4B-00C04F79EFBC}") = "Grad.Domain", "Grad.Domain\Grad.Domain.csproj", "{6ABA1E25-3049-41C5-BC93-BE367842C6F9}"
EndProject
Project("{FAE04EC0-301F-11D3-BF4B-00C04F79EFBC}") = "Grad.Infrastructure", "Grad.Infrastructure\Grad.Infrastructure.csproj", "{BA12C841-6204-401D-9CB6-2B75F270CA3C}"
EndProject
Project("{2150E333-8FDC-42A3-9474-1A3956D46DE8}") = "Core", "Core", "{9CC9D010-EF31-433F-9DCC-1CE9D619393C}"
EndProject
Project("{FAE04EC0-301F-11D3-BF4B-00C04F79EFBC}") = "Grad.Application", "Grad.Application\Grad.Application.csproj", "{1E91AA51-8C19-49CF-B484-A50FB304075B}"
EndProject
Project("{FAE04EC0-301F-11D3-BF4B-00C04F79EFBC}") = "Grad.API", "Grad.API\Grad.API.csproj", "{099DED34-6B6D-4C1A-9E04-BF0B7C7122FB}"
EndProject
Global
	GlobalSection(SolutionConfigurationPlatforms) = preSolution
		Debug|Any CPU = Debug|Any CPU
		Release|Any CPU = Release|Any CPU
	EndGlobalSection
	GlobalSection(ProjectConfigurationPlatforms) = postSolution
		{6ABA1E25-3049-41C5-BC93-BE367842C6F9}.Debug|Any CPU.ActiveCfg = Debug|Any CPU
		{6ABA1E25-3049-41C5-BC93-BE367842C6F9}.Debug|Any CPU.Build.0 = Debug|Any CPU
		{6ABA1E25-3049-41C5-BC93-BE367842C6F9}.Release|Any CPU.ActiveCfg = Release|Any CPU
		{6ABA1E25-3049-41C5-BC93-BE367842C6F9}.Release|Any CPU.Build.0 = Release|Any CPU
		{BA12C841-6204-401D-9CB6-2B75F270CA3C}.Debug|Any CPU.ActiveCfg = Debug|Any CPU
		{BA12C841-6204-401D-9CB6-2B75F270CA3C}.Debug|Any CPU.Build.0 = Debug|Any CPU
		{BA12C841-6204-401D-9CB6-2B75F270CA3C}.Release|Any CPU.ActiveCfg = Release|Any CPU
		{BA12C841-6204-401D-9CB6-2B75F270CA3C}.Release|Any CPU.Build.0 = Release|Any CPU
		{1E91AA51-8C19-49CF-B484-A50FB304075B}.Debug|Any CPU.ActiveCfg = Debug|Any CPU
		{1E91AA51-8C19-49CF-B484-A50FB304075B}.Debug|Any CPU.Build.0 = Debug|Any CPU
		{1E91AA51-8C19-49CF-B484-A50FB304075B}.Release|Any CPU.ActiveCfg = Release|Any CPU
		{1E91AA51-8C19-49CF-B484-A50FB304075B}.Release|Any CPU.Build.0 = Release|Any CPU
		{099DED34-6B6D-4C1A-9E04-BF0B7C7122FB}.Debug|Any CPU.ActiveCfg = Debug|Any CPU
		{099DED34-6B6D-4C1A-9E04-BF0B7C7122FB}.Debug|Any CPU.Build.0 = Debug|Any CPU
		{099DED34-6B6D-4C1A-9E04-BF0B7C7122FB}.Release|Any CPU.ActiveCfg = Release|Any CPU
		{099DED34-6B6D-4C1A-9E04-BF0B7C7122FB}.Release|Any CPU.Build.0 = Release|Any CPU
	EndGlobalSection
	GlobalSection(SolutionProperties) = preSolution
		HideSolutionNode = FALSE
	EndGlobalSection
	GlobalSection(NestedProjects) = preSolution
		{A0B36013-D03E-4E97-A52F-8AFE7ECFA092} = {02EA681E-C7D8-13C7-8484-4AC65E1B71E8}
		{B949ECFF-5C5D-48E6-94BB-426921573DFE} = {02EA681E-C7D8-13C7-8484-4AC65E1B71E8}
		{6ABA1E25-3049-41C5-BC93-BE367842C6F9} = {9CC9D010-EF31-433F-9DCC-1CE9D619393C}
		{BA12C841-6204-401D-9CB6-2B75F270CA3C} = {B949ECFF-5C5D-48E6-94BB-426921573DFE}
		{9CC9D010-EF31-433F-9DCC-1CE9D619393C} = {02EA681E-C7D8-13C7-8484-4AC65E1B71E8}
		{1E91AA51-8C19-49CF-B484-A50FB304075B} = {9CC9D010-EF31-433F-9DCC-1CE9D619393C}
		{099DED34-6B6D-4C1A-9E04-BF0B7C7122FB} = {A0B36013-D03E-4E97-A52F-8AFE7ECFA092}
	EndGlobalSection
	GlobalSection(ExtensibilityGlobals) = postSolution
		SolutionGuid = {E1526B76-8520-49F6-92BC-0BDAAD629DD3}
	EndGlobalSection
EndGlobal
